{
  "name": "wps",
  "version": "1.0.0",
  "lockfileVersion": 1,
  "requires": true,
  "dependencies": {
    "wps-jsapi": {
      "version": "1.0.3",
      "resolved": "https://registry.npmjs.org/wps-jsapi/-/wps-jsapi-1.0.3.tgz",
      "integrity": "sha512-Le/RZyJ0/6DCWE1Ygm5hvuQENhUmekRg8S1dSkuOzn4gwrCFaXHNSudsrUf2p1hr5eWf9y+8LKx/289UWVo5HA==",
      "dev": true
    }
  }
}
